
Microsoft Visual Studio Solution File, Format Version 12.00
# Visual Studio 15
VisualStudioVersion = 15.0.26124.0
MinimumVisualStudioVersion = 15.0.26124.0
Project("{FAE04EC0-301F-11D3-BF4B-00C04F79EFBC}") = "GameTOP", "GameTOP\GameTOP.csproj", "{1913A597-138B-4A2F-898A-A4AD9033146F}"
EndProject
Project("{FAE04EC0-301F-11D3-BF4B-00C04F79EFBC}") = "GameTOP.Lib", "GameTOP.Lib\GameTOP.Lib.csproj", "{A79AF95A-5B1B-46FD-A607-4A88C5FAA776}"
EndProject
Project("{FAE04EC0-301F-11D3-BF4B-00C04F79EFBC}") = "GameTOP.Interface", "GameTOP.Interface\GameTOP.Interface.csproj", "{106F1D44-37B7-4FE9-9A06-6D6F568C0B1E}"
EndProject
Global
	GlobalSection(SolutionConfigurationPlatforms) = preSolution
		Debug|Any CPU = Debug|Any CPU
		Debug|x64 = Debug|x64
		Debug|x86 = Debug|x86
		Release|Any CPU = Release|Any CPU
		Release|x64 = Release|x64
		Release|x86 = Release|x86
	EndGlobalSection
	GlobalSection(SolutionProperties) = preSolution
		HideSolutionNode = FALSE
	EndGlobalSection
	GlobalSection(ProjectConfigurationPlatforms) = postSolution
		{1913A597-138B-4A2F-898A-A4AD9033146F}.Debug|Any CPU.ActiveCfg = Debug|Any CPU
		{1913A597-138B-4A2F-898A-A4AD9033146F}.Debug|Any CPU.Build.0 = Debug|Any CPU
		{1913A597-138B-4A2F-898A-A4AD9033146F}.Debug|x64.ActiveCfg = Debug|Any CPU
		{1913A597-138B-4A2F-898A-A4AD9033146F}.Debug|x64.Build.0 = Debug|Any CPU
		{1913A597-138B-4A2F-898A-A4AD9033146F}.Debug|x86.ActiveCfg = Debug|Any CPU
		{1913A597-138B-4A2F-898A-A4AD9033146F}.Debug|x86.Build.0 = Debug|Any CPU
		{1913A597-138B-4A2F-898A-A4AD9033146F}.Release|Any CPU.ActiveCfg = Release|Any CPU
		{1913A597-138B-4A2F-898A-A4AD9033146F}.Release|Any CPU.Build.0 = Release|Any CPU
		{1913A597-138B-4A2F-898A-A4AD9033146F}.Release|x64.ActiveCfg = Release|Any CPU
		{1913A597-138B-4A2F-898A-A4AD9033146F}.Release|x64.Build.0 = Release|Any CPU
		{1913A597-138B-4A2F-898A-A4AD9033146F}.Release|x86.ActiveCfg = Release|Any CPU
		{1913A597-138B-4A2F-898A-A4AD9033146F}.Release|x86.Build.0 = Release|Any CPU
		{A79AF95A-5B1B-46FD-A607-4A88C5FAA776}.Debug|Any CPU.ActiveCfg = Debug|Any CPU
		{A79AF95A-5B1B-46FD-A607-4A88C5FAA776}.Debug|Any CPU.Build.0 = Debug|Any CPU
		{A79AF95A-5B1B-46FD-A607-4A88C5FAA776}.Debug|x64.ActiveCfg = Debug|Any CPU
		{A79AF95A-5B1B-46FD-A607-4A88C5FAA776}.Debug|x64.Build.0 = Debug|Any CPU
		{A79AF95A-5B1B-46FD-A607-4A88C5FAA776}.Debug|x86.ActiveCfg = Debug|Any CPU
		{A79AF95A-5B1B-46FD-A607-4A88C5FAA776}.Debug|x86.Build.0 = Debug|Any CPU
		{A79AF95A-5B1B-46FD-A607-4A88C5FAA776}.Release|Any CPU.ActiveCfg = Release|Any CPU
		{A79AF95A-5B1B-46FD-A607-4A88C5FAA776}.Release|Any CPU.Build.0 = Release|Any CPU
		{A79AF95A-5B1B-46FD-A607-4A88C5FAA776}.Release|x64.ActiveCfg = Release|Any CPU
		{A79AF95A-5B1B-46FD-A607-4A88C5FAA776}.Release|x64.Build.0 = Release|Any CPU
		{A79AF95A-5B1B-46FD-A607-4A88C5FAA776}.Release|x86.ActiveCfg = Release|Any CPU
		{A79AF95A-5B1B-46FD-A607-4A88C5FAA776}.Release|x86.Build.0 = Release|Any CPU
		{106F1D44-37B7-4FE9-9A06-6D6F568C0B1E}.Debug|Any CPU.ActiveCfg = Debug|Any CPU
		{106F1D44-37B7-4FE9-9A06-6D6F568C0B1E}.Debug|Any CPU.Build.0 = Debug|Any CPU
		{106F1D44-37B7-4FE9-9A06-6D6F568C0B1E}.Debug|x64.ActiveCfg = Debug|Any CPU
		{106F1D44-37B7-4FE9-9A06-6D6F568C0B1E}.Debug|x64.Build.0 = Debug|Any CPU
		{106F1D44-37B7-4FE9-9A06-6D6F568C0B1E}.Debug|x86.ActiveCfg = Debug|Any CPU
		{106F1D44-37B7-4FE9-9A06-6D6F568C0B1E}.Debug|x86.Build.0 = Debug|Any CPU
		{106F1D44-37B7-4FE9-9A06-6D6F568C0B1E}.Release|Any CPU.ActiveCfg = Release|Any CPU
		{106F1D44-37B7-4FE9-9A06-6D6F568C0B1E}.Release|Any CPU.Build.0 = Release|Any CPU
		{106F1D44-37B7-4FE9-9A06-6D6F568C0B1E}.Release|x64.ActiveCfg = Release|Any CPU
		{106F1D44-37B7-4FE9-9A06-6D6F568C0B1E}.Release|x64.Build.0 = Release|Any CPU
		{106F1D44-37B7-4FE9-9A06-6D6F568C0B1E}.Release|x86.ActiveCfg = Release|Any CPU
		{106F1D44-37B7-4FE9-9A06-6D6F568C0B1E}.Release|x86.Build.0 = Release|Any CPU
	EndGlobalSection
EndGlobal
